
Microsoft Visual Studio Solution File, Format Version 12.00
# Visual Studio Version 17
VisualStudioVersion = 17.11.35017.193
MinimumVisualStudioVersion = 10.0.40219.1
Project("{9A19103F-16F7-4668-BE54-9A1E7A4F7556}") = "ShoppingListSample.Shared", "ShoppingListSample.Shared\ShoppingListSample.Shared.csproj", "{B9563122-9375-44B2-B54A-0A769B04C1CC}"
EndProject
Project("{9A19103F-16F7-4668-BE54-9A1E7A4F7556}") = "ShoppingListSample.Wpf8", "ShoppingListSample.Wpf8\ShoppingListSample.Wpf8.csproj", "{D696A6A2-9773-4563-98C0-B64905DD6473}"
EndProject
Project("{FAE04EC0-301F-11D3-BF4B-00C04F79EFBC}") = "ShoppingListSample.Wpf9", "ShoppingListSample.Wpf9\ShoppingListSample.Wpf9.csproj", "{C8105CFA-7BC1-49EE-A606-C04D90A3EB2B}"
EndProject
Project("{FAE04EC0-301F-11D3-BF4B-00C04F79EFBC}") = "ShoppingListSample.WinForms", "ShoppingListSample.WinForms\ShoppingListSample.WinForms.csproj", "{67BC448B-E0DD-45F9-A32B-B63486C6446E}"
EndProject
Project("{FAE04EC0-301F-11D3-BF4B-00C04F79EFBC}") = "ShoppingListSample.Uwp", "ShoppingListSample.Uwp\ShoppingListSample.Uwp.csproj", "{736DC47F-3E4A-42C6-89B3-293E4961830F}"
EndProject
Project("{9A19103F-16F7-4668-BE54-9A1E7A4F7556}") = "ShoppingListSample.BlazorHybrid", "ShoppingListSample.BlazorHybrid\ShoppingListSample.BlazorHybrid.csproj", "{51FE1F82-9BC6-427A-AA67-251F27844DDC}"
EndProject
Project("{9A19103F-16F7-4668-BE54-9A1E7A4F7556}") = "ShoppingListSample.WinUI", "ShoppingListSample.WinUI\ShoppingListSample.WinUI.csproj", "{639331B8-E6C9-46C4-BCB6-EF7D3B4A6061}"
EndProject
Project("{9A19103F-16F7-4668-BE54-9A1E7A4F7556}") = "ShoppingListSample.Maui", "ShoppingListSample.Maui\ShoppingListSample.Maui.csproj", "{CE3393C5-BB80-45F2-9D85-94A4D2429EB8}"
EndProject
Global
	GlobalSection(SolutionConfigurationPlatforms) = preSolution
		Debug|Any CPU = Debug|Any CPU
		Debug|ARM = Debug|ARM
		Debug|ARM64 = Debug|ARM64
		Debug|x64 = Debug|x64
		Debug|x86 = Debug|x86
		Release|Any CPU = Release|Any CPU
		Release|ARM = Release|ARM
		Release|ARM64 = Release|ARM64
		Release|x64 = Release|x64
		Release|x86 = Release|x86
	EndGlobalSection
	GlobalSection(ProjectConfigurationPlatforms) = postSolution
		{B9563122-9375-44B2-B54A-0A769B04C1CC}.Debug|Any CPU.ActiveCfg = Debug|Any CPU
		{B9563122-9375-44B2-B54A-0A769B04C1CC}.Debug|Any CPU.Build.0 = Debug|Any CPU
		{B9563122-9375-44B2-B54A-0A769B04C1CC}.Debug|ARM.ActiveCfg = Debug|Any CPU
		{B9563122-9375-44B2-B54A-0A769B04C1CC}.Debug|ARM.Build.0 = Debug|Any CPU
		{B9563122-9375-44B2-B54A-0A769B04C1CC}.Debug|ARM64.ActiveCfg = Debug|Any CPU
		{B9563122-9375-44B2-B54A-0A769B04C1CC}.Debug|ARM64.Build.0 = Debug|Any CPU
		{B9563122-9375-44B2-B54A-0A769B04C1CC}.Debug|x64.ActiveCfg = Debug|Any CPU
		{B9563122-9375-44B2-B54A-0A769B04C1CC}.Debug|x64.Build.0 = Debug|Any CPU
		{B9563122-9375-44B2-B54A-0A769B04C1CC}.Debug|x86.ActiveCfg = Debug|Any CPU
		{B9563122-9375-44B2-B54A-0A769B04C1CC}.Debug|x86.Build.0 = Debug|Any CPU
		{B9563122-9375-44B2-B54A-0A769B04C1CC}.Release|Any CPU.ActiveCfg = Release|Any CPU
		{B9563122-9375-44B2-B54A-0A769B04C1CC}.Release|Any CPU.Build.0 = Release|Any CPU
		{B9563122-9375-44B2-B54A-0A769B04C1CC}.Release|ARM.ActiveCfg = Release|Any CPU
		{B9563122-9375-44B2-B54A-0A769B04C1CC}.Release|ARM.Build.0 = Release|Any CPU
		{B9563122-9375-44B2-B54A-0A769B04C1CC}.Release|ARM64.ActiveCfg = Release|Any CPU
		{B9563122-9375-44B2-B54A-0A769B04C1CC}.Release|ARM64.Build.0 = Release|Any CPU
		{B9563122-9375-44B2-B54A-0A769B04C1CC}.Release|x64.ActiveCfg = Release|Any CPU
		{B9563122-9375-44B2-B54A-0A769B04C1CC}.Release|x64.Build.0 = Release|Any CPU
		{B9563122-9375-44B2-B54A-0A769B04C1CC}.Release|x86.ActiveCfg = Release|Any CPU
		{B9563122-9375-44B2-B54A-0A769B04C1CC}.Release|x86.Build.0 = Release|Any CPU
		{D696A6A2-9773-4563-98C0-B64905DD6473}.Debug|Any CPU.ActiveCfg = Debug|Any CPU
		{D696A6A2-9773-4563-98C0-B64905DD6473}.Debug|Any CPU.Build.0 = Debug|Any CPU
		{D696A6A2-9773-4563-98C0-B64905DD6473}.Debug|ARM.ActiveCfg = Debug|Any CPU
		{D696A6A2-9773-4563-98C0-B64905DD6473}.Debug|ARM.Build.0 = Debug|Any CPU
		{D696A6A2-9773-4563-98C0-B64905DD6473}.Debug|ARM64.ActiveCfg = Debug|Any CPU
		{D696A6A2-9773-4563-98C0-B64905DD6473}.Debug|ARM64.Build.0 = Debug|Any CPU
		{D696A6A2-9773-4563-98C0-B64905DD6473}.Debug|x64.ActiveCfg = Debug|Any CPU
		{D696A6A2-9773-4563-98C0-B64905DD6473}.Debug|x64.Build.0 = Debug|Any CPU
		{D696A6A2-9773-4563-98C0-B64905DD6473}.Debug|x86.ActiveCfg = Debug|Any CPU
		{D696A6A2-9773-4563-98C0-B64905DD6473}.Debug|x86.Build.0 = Debug|Any CPU
		{D696A6A2-9773-4563-98C0-B64905DD6473}.Release|Any CPU.ActiveCfg = Release|Any CPU
		{D696A6A2-9773-4563-98C0-B64905DD6473}.Release|Any CPU.Build.0 = Release|Any CPU
		{D696A6A2-9773-4563-98C0-B64905DD6473}.Release|ARM.ActiveCfg = Release|Any CPU
		{D696A6A2-9773-4563-98C0-B64905DD6473}.Release|ARM.Build.0 = Release|Any CPU
		{D696A6A2-9773-4563-98C0-B64905DD6473}.Release|ARM64.ActiveCfg = Release|Any CPU
		{D696A6A2-9773-4563-98C0-B64905DD6473}.Release|ARM64.Build.0 = Release|Any CPU
		{D696A6A2-9773-4563-98C0-B64905DD6473}.Release|x64.ActiveCfg = Release|Any CPU
		{D696A6A2-9773-4563-98C0-B64905DD6473}.Release|x64.Build.0 = Release|Any CPU
		{D696A6A2-9773-4563-98C0-B64905DD6473}.Release|x86.ActiveCfg = Release|Any CPU
		{D696A6A2-9773-4563-98C0-B64905DD6473}.Release|x86.Build.0 = Release|Any CPU
		{C8105CFA-7BC1-49EE-A606-C04D90A3EB2B}.Debug|Any CPU.ActiveCfg = Debug|Any CPU
		{C8105CFA-7BC1-49EE-A606-C04D90A3EB2B}.Debug|Any CPU.Build.0 = Debug|Any CPU
		{C8105CFA-7BC1-49EE-A606-C04D90A3EB2B}.Debug|ARM.ActiveCfg = Debug|Any CPU
		{C8105CFA-7BC1-49EE-A606-C04D90A3EB2B}.Debug|ARM.Build.0 = Debug|Any CPU
		{C8105CFA-7BC1-49EE-A606-C04D90A3EB2B}.Debug|ARM64.ActiveCfg = Debug|Any CPU
		{C8105CFA-7BC1-49EE-A606-C04D90A3EB2B}.Debug|ARM64.Build.0 = Debug|Any CPU
		{C8105CFA-7BC1-49EE-A606-C04D90A3EB2B}.Debug|x64.ActiveCfg = Debug|Any CPU
		{C8105CFA-7BC1-49EE-A606-C04D90A3EB2B}.Debug|x64.Build.0 = Debug|Any CPU
		{C8105CFA-7BC1-49EE-A606-C04D90A3EB2B}.Debug|x86.ActiveCfg = Debug|Any CPU
		{C8105CFA-7BC1-49EE-A606-C04D90A3EB2B}.Debug|x86.Build.0 = Debug|Any CPU
		{C8105CFA-7BC1-49EE-A606-C04D90A3EB2B}.Release|Any CPU.ActiveCfg = Release|Any CPU
		{C8105CFA-7BC1-49EE-A606-C04D90A3EB2B}.Release|Any CPU.Build.0 = Release|Any CPU
		{C8105CFA-7BC1-49EE-A606-C04D90A3EB2B}.Release|ARM.ActiveCfg = Release|Any CPU
		{C8105CFA-7BC1-49EE-A606-C04D90A3EB2B}.Release|ARM.Build.0 = Release|Any CPU
		{C8105CFA-7BC1-49EE-A606-C04D90A3EB2B}.Release|ARM64.ActiveCfg = Release|Any CPU
		{C8105CFA-7BC1-49EE-A606-C04D90A3EB2B}.Release|ARM64.Build.0 = Release|Any CPU
		{C8105CFA-7BC1-49EE-A606-C04D90A3EB2B}.Release|x64.ActiveCfg = Release|Any CPU
		{C8105CFA-7BC1-49EE-A606-C04D90A3EB2B}.Release|x64.Build.0 = Release|Any CPU
		{C8105CFA-7BC1-49EE-A606-C04D90A3EB2B}.Release|x86.ActiveCfg = Release|Any CPU
		{C8105CFA-7BC1-49EE-A606-C04D90A3EB2B}.Release|x86.Build.0 = Release|Any CPU
		{67BC448B-E0DD-45F9-A32B-B63486C6446E}.Debug|Any CPU.ActiveCfg = Debug|Any CPU
		{67BC448B-E0DD-45F9-A32B-B63486C6446E}.Debug|Any CPU.Build.0 = Debug|Any CPU
		{67BC448B-E0DD-45F9-A32B-B63486C6446E}.Debug|ARM.ActiveCfg = Debug|Any CPU
		{67BC448B-E0DD-45F9-A32B-B63486C6446E}.Debug|ARM.Build.0 = Debug|Any CPU
		{67BC448B-E0DD-45F9-A32B-B63486C6446E}.Debug|ARM64.ActiveCfg = Debug|Any CPU
		{67BC448B-E0DD-45F9-A32B-B63486C6446E}.Debug|ARM64.Build.0 = Debug|Any CPU
		{67BC448B-E0DD-45F9-A32B-B63486C6446E}.Debug|x64.ActiveCfg = Debug|Any CPU
		{67BC448B-E0DD-45F9-A32B-B63486C6446E}.Debug|x64.Build.0 = Debug|Any CPU
		{67BC448B-E0DD-45F9-A32B-B63486C6446E}.Debug|x86.ActiveCfg = Debug|Any CPU
		{67BC448B-E0DD-45F9-A32B-B63486C6446E}.Debug|x86.Build.0 = Debug|Any CPU
		{67BC448B-E0DD-45F9-A32B-B63486C6446E}.Release|Any CPU.ActiveCfg = Release|Any CPU
		{67BC448B-E0DD-45F9-A32B-B63486C6446E}.Release|Any CPU.Build.0 = Release|Any CPU
		{67BC448B-E0DD-45F9-A32B-B63486C6446E}.Release|ARM.ActiveCfg = Release|Any CPU
		{67BC448B-E0DD-45F9-A32B-B63486C6446E}.Release|ARM.Build.0 = Release|Any CPU
		{67BC448B-E0DD-45F9-A32B-B63486C6446E}.Release|ARM64.ActiveCfg = Release|Any CPU
		{67BC448B-E0DD-45F9-A32B-B63486C6446E}.Release|ARM64.Build.0 = Release|Any CPU
		{67BC448B-E0DD-45F9-A32B-B63486C6446E}.Release|x64.ActiveCfg = Release|Any CPU
		{67BC448B-E0DD-45F9-A32B-B63486C6446E}.Release|x64.Build.0 = Release|Any CPU
		{67BC448B-E0DD-45F9-A32B-B63486C6446E}.Release|x86.ActiveCfg = Release|Any CPU
		{67BC448B-E0DD-45F9-A32B-B63486C6446E}.Release|x86.Build.0 = Release|Any CPU
		{736DC47F-3E4A-42C6-89B3-293E4961830F}.Debug|Any CPU.ActiveCfg = Debug|x64
		{736DC47F-3E4A-42C6-89B3-293E4961830F}.Debug|Any CPU.Build.0 = Debug|x64
		{736DC47F-3E4A-42C6-89B3-293E4961830F}.Debug|Any CPU.Deploy.0 = Debug|x64
		{736DC47F-3E4A-42C6-89B3-293E4961830F}.Debug|ARM.ActiveCfg = Debug|ARM
		{736DC47F-3E4A-42C6-89B3-293E4961830F}.Debug|ARM.Build.0 = Debug|ARM
		{736DC47F-3E4A-42C6-89B3-293E4961830F}.Debug|ARM.Deploy.0 = Debug|ARM
		{736DC47F-3E4A-42C6-89B3-293E4961830F}.Debug|ARM64.ActiveCfg = Debug|ARM64
		{736DC47F-3E4A-42C6-89B3-293E4961830F}.Debug|ARM64.Build.0 = Debug|ARM64
		{736DC47F-3E4A-42C6-89B3-293E4961830F}.Debug|ARM64.Deploy.0 = Debug|ARM64
		{736DC47F-3E4A-42C6-89B3-293E4961830F}.Debug|x64.ActiveCfg = Debug|x64
		{736DC47F-3E4A-42C6-89B3-293E4961830F}.Debug|x64.Build.0 = Debug|x64
		{736DC47F-3E4A-42C6-89B3-293E4961830F}.Debug|x64.Deploy.0 = Debug|x64
		{736DC47F-3E4A-42C6-89B3-293E4961830F}.Debug|x86.ActiveCfg = Debug|x86
		{736DC47F-3E4A-42C6-89B3-293E4961830F}.Debug|x86.Build.0 = Debug|x86
		{736DC47F-3E4A-42C6-89B3-293E4961830F}.Debug|x86.Deploy.0 = Debug|x86
		{736DC47F-3E4A-42C6-89B3-293E4961830F}.Release|Any CPU.ActiveCfg = Release|x64
		{736DC47F-3E4A-42C6-89B3-293E4961830F}.Release|Any CPU.Build.0 = Release|x64
		{736DC47F-3E4A-42C6-89B3-293E4961830F}.Release|Any CPU.Deploy.0 = Release|x64
		{736DC47F-3E4A-42C6-89B3-293E4961830F}.Release|ARM.ActiveCfg = Release|ARM
		{736DC47F-3E4A-42C6-89B3-293E4961830F}.Release|ARM.Build.0 = Release|ARM
		{736DC47F-3E4A-42C6-89B3-293E4961830F}.Release|ARM.Deploy.0 = Release|ARM
		{736DC47F-3E4A-42C6-89B3-293E4961830F}.Release|ARM64.ActiveCfg = Release|ARM64
		{736DC47F-3E4A-42C6-89B3-293E4961830F}.Release|ARM64.Build.0 = Release|ARM64
		{736DC47F-3E4A-42C6-89B3-293E4961830F}.Release|ARM64.Deploy.0 = Release|ARM64
		{736DC47F-3E4A-42C6-89B3-293E4961830F}.Release|x64.ActiveCfg = Release|x64
		{736DC47F-3E4A-42C6-89B3-293E4961830F}.Release|x64.Build.0 = Release|x64
		{736DC47F-3E4A-42C6-89B3-293E4961830F}.Release|x64.Deploy.0 = Release|x64
		{736DC47F-3E4A-42C6-89B3-293E4961830F}.Release|x86.ActiveCfg = Release|x86
		{736DC47F-3E4A-42C6-89B3-293E4961830F}.Release|x86.Build.0 = Release|x86
		{736DC47F-3E4A-42C6-89B3-293E4961830F}.Release|x86.Deploy.0 = Release|x86
		{51FE1F82-9BC6-427A-AA67-251F27844DDC}.Debug|Any CPU.ActiveCfg = Debug|Any CPU
		{51FE1F82-9BC6-427A-AA67-251F27844DDC}.Debug|Any CPU.Build.0 = Debug|Any CPU
		{51FE1F82-9BC6-427A-AA67-251F27844DDC}.Debug|ARM.ActiveCfg = Debug|Any CPU
		{51FE1F82-9BC6-427A-AA67-251F27844DDC}.Debug|ARM.Build.0 = Debug|Any CPU
		{51FE1F82-9BC6-427A-AA67-251F27844DDC}.Debug|ARM64.ActiveCfg = Debug|Any CPU
		{51FE1F82-9BC6-427A-AA67-251F27844DDC}.Debug|ARM64.Build.0 = Debug|Any CPU
		{51FE1F82-9BC6-427A-AA67-251F27844DDC}.Debug|x64.ActiveCfg = Debug|Any CPU
		{51FE1F82-9BC6-427A-AA67-251F27844DDC}.Debug|x64.Build.0 = Debug|Any CPU
		{51FE1F82-9BC6-427A-AA67-251F27844DDC}.Debug|x86.ActiveCfg = Debug|Any CPU
		{51FE1F82-9BC6-427A-AA67-251F27844DDC}.Debug|x86.Build.0 = Debug|Any CPU
		{51FE1F82-9BC6-427A-AA67-251F27844DDC}.Release|Any CPU.ActiveCfg = Release|Any CPU
		{51FE1F82-9BC6-427A-AA67-251F27844DDC}.Release|Any CPU.Build.0 = Release|Any CPU
		{51FE1F82-9BC6-427A-AA67-251F27844DDC}.Release|ARM.ActiveCfg = Release|Any CPU
		{51FE1F82-9BC6-427A-AA67-251F27844DDC}.Release|ARM.Build.0 = Release|Any CPU
		{51FE1F82-9BC6-427A-AA67-251F27844DDC}.Release|ARM64.ActiveCfg = Release|Any CPU
		{51FE1F82-9BC6-427A-AA67-251F27844DDC}.Release|ARM64.Build.0 = Release|Any CPU
		{51FE1F82-9BC6-427A-AA67-251F27844DDC}.Release|x64.ActiveCfg = Release|Any CPU
		{51FE1F82-9BC6-427A-AA67-251F27844DDC}.Release|x64.Build.0 = Release|Any CPU
		{51FE1F82-9BC6-427A-AA67-251F27844DDC}.Release|x86.ActiveCfg = Release|Any CPU
		{51FE1F82-9BC6-427A-AA67-251F27844DDC}.Release|x86.Build.0 = Release|Any CPU
		{639331B8-E6C9-46C4-BCB6-EF7D3B4A6061}.Debug|Any CPU.ActiveCfg = Debug|x64
		{639331B8-E6C9-46C4-BCB6-EF7D3B4A6061}.Debug|Any CPU.Build.0 = Debug|x64
		{639331B8-E6C9-46C4-BCB6-EF7D3B4A6061}.Debug|Any CPU.Deploy.0 = Debug|x64
		{639331B8-E6C9-46C4-BCB6-EF7D3B4A6061}.Debug|ARM.ActiveCfg = Debug|x64
		{639331B8-E6C9-46C4-BCB6-EF7D3B4A6061}.Debug|ARM.Build.0 = Debug|x64
		{639331B8-E6C9-46C4-BCB6-EF7D3B4A6061}.Debug|ARM.Deploy.0 = Debug|x64
		{639331B8-E6C9-46C4-BCB6-EF7D3B4A6061}.Debug|ARM64.ActiveCfg = Debug|ARM64
		{639331B8-E6C9-46C4-BCB6-EF7D3B4A6061}.Debug|ARM64.Build.0 = Debug|ARM64
		{639331B8-E6C9-46C4-BCB6-EF7D3B4A6061}.Debug|ARM64.Deploy.0 = Debug|ARM64
		{639331B8-E6C9-46C4-BCB6-EF7D3B4A6061}.Debug|x64.ActiveCfg = Debug|x64
		{639331B8-E6C9-46C4-BCB6-EF7D3B4A6061}.Debug|x64.Build.0 = Debug|x64
		{639331B8-E6C9-46C4-BCB6-EF7D3B4A6061}.Debug|x64.Deploy.0 = Debug|x64
		{639331B8-E6C9-46C4-BCB6-EF7D3B4A6061}.Debug|x86.ActiveCfg = Debug|x86
		{639331B8-E6C9-46C4-BCB6-EF7D3B4A6061}.Debug|x86.Build.0 = Debug|x86
		{639331B8-E6C9-46C4-BCB6-EF7D3B4A6061}.Debug|x86.Deploy.0 = Debug|x86
		{639331B8-E6C9-46C4-BCB6-EF7D3B4A6061}.Release|Any CPU.ActiveCfg = Release|x64
		{639331B8-E6C9-46C4-BCB6-EF7D3B4A6061}.Release|Any CPU.Build.0 = Release|x64
		{639331B8-E6C9-46C4-BCB6-EF7D3B4A6061}.Release|Any CPU.Deploy.0 = Release|x64
		{639331B8-E6C9-46C4-BCB6-EF7D3B4A6061}.Release|ARM.ActiveCfg = Release|x64
		{639331B8-E6C9-46C4-BCB6-EF7D3B4A6061}.Release|ARM.Build.0 = Release|x64
		{639331B8-E6C9-46C4-BCB6-EF7D3B4A6061}.Release|ARM.Deploy.0 = Release|x64
		{639331B8-E6C9-46C4-BCB6-EF7D3B4A6061}.Release|ARM64.ActiveCfg = Release|ARM64
		{639331B8-E6C9-46C4-BCB6-EF7D3B4A6061}.Release|ARM64.Build.0 = Release|ARM64
		{639331B8-E6C9-46C4-BCB6-EF7D3B4A6061}.Release|ARM64.Deploy.0 = Release|ARM64
		{639331B8-E6C9-46C4-BCB6-EF7D3B4A6061}.Release|x64.ActiveCfg = Release|x64
		{639331B8-E6C9-46C4-BCB6-EF7D3B4A6061}.Release|x64.Build.0 = Release|x64
		{639331B8-E6C9-46C4-BCB6-EF7D3B4A6061}.Release|x64.Deploy.0 = Release|x64
		{639331B8-E6C9-46C4-BCB6-EF7D3B4A6061}.Release|x86.ActiveCfg = Release|x86
		{639331B8-E6C9-46C4-BCB6-EF7D3B4A6061}.Release|x86.Build.0 = Release|x86
		{639331B8-E6C9-46C4-BCB6-EF7D3B4A6061}.Release|x86.Deploy.0 = Release|x86
		{CE3393C5-BB80-45F2-9D85-94A4D2429EB8}.Debug|Any CPU.ActiveCfg = Debug|Any CPU
		{CE3393C5-BB80-45F2-9D85-94A4D2429EB8}.Debug|Any CPU.Build.0 = Debug|Any CPU
		{CE3393C5-BB80-45F2-9D85-94A4D2429EB8}.Debug|Any CPU.Deploy.0 = Debug|Any CPU
		{CE3393C5-BB80-45F2-9D85-94A4D2429EB8}.Debug|ARM.ActiveCfg = Debug|Any CPU
		{CE3393C5-BB80-45F2-9D85-94A4D2429EB8}.Debug|ARM.Build.0 = Debug|Any CPU
		{CE3393C5-BB80-45F2-9D85-94A4D2429EB8}.Debug|ARM.Deploy.0 = Debug|Any CPU
		{CE3393C5-BB80-45F2-9D85-94A4D2429EB8}.Debug|ARM64.ActiveCfg = Debug|Any CPU
		{CE3393C5-BB80-45F2-9D85-94A4D2429EB8}.Debug|ARM64.Build.0 = Debug|Any CPU
		{CE3393C5-BB80-45F2-9D85-94A4D2429EB8}.Debug|ARM64.Deploy.0 = Debug|Any CPU
		{CE3393C5-BB80-45F2-9D85-94A4D2429EB8}.Debug|x64.ActiveCfg = Debug|Any CPU
		{CE3393C5-BB80-45F2-9D85-94A4D2429EB8}.Debug|x64.Build.0 = Debug|Any CPU
		{CE3393C5-BB80-45F2-9D85-94A4D2429EB8}.Debug|x64.Deploy.0 = Debug|Any CPU
		{CE3393C5-BB80-45F2-9D85-94A4D2429EB8}.Debug|x86.ActiveCfg = Debug|Any CPU
		{CE3393C5-BB80-45F2-9D85-94A4D2429EB8}.Debug|x86.Build.0 = Debug|Any CPU
		{CE3393C5-BB80-45F2-9D85-94A4D2429EB8}.Debug|x86.Deploy.0 = Debug|Any CPU
		{CE3393C5-BB80-45F2-9D85-94A4D2429EB8}.Release|Any CPU.ActiveCfg = Release|Any CPU
		{CE3393C5-BB80-45F2-9D85-94A4D2429EB8}.Release|Any CPU.Build.0 = Release|Any CPU
		{CE3393C5-BB80-45F2-9D85-94A4D2429EB8}.Release|Any CPU.Deploy.0 = Release|Any CPU
		{CE3393C5-BB80-45F2-9D85-94A4D2429EB8}.Release|ARM.ActiveCfg = Release|Any CPU
		{CE3393C5-BB80-45F2-9D85-94A4D2429EB8}.Release|ARM.Build.0 = Release|Any CPU
		{CE3393C5-BB80-45F2-9D85-94A4D2429EB8}.Release|ARM.Deploy.0 = Release|Any CPU
		{CE3393C5-BB80-45F2-9D85-94A4D2429EB8}.Release|ARM64.ActiveCfg = Release|Any CPU
		{CE3393C5-BB80-45F2-9D85-94A4D2429EB8}.Release|ARM64.Build.0 = Release|Any CPU
		{CE3393C5-BB80-45F2-9D85-94A4D2429EB8}.Release|ARM64.Deploy.0 = Release|Any CPU
		{CE3393C5-BB80-45F2-9D85-94A4D2429EB8}.Release|x64.ActiveCfg = Release|Any CPU
		{CE3393C5-BB80-45F2-9D85-94A4D2429EB8}.Release|x64.Build.0 = Release|Any CPU
		{CE3393C5-BB80-45F2-9D85-94A4D2429EB8}.Release|x64.Deploy.0 = Release|Any CPU
		{CE3393C5-BB80-45F2-9D85-94A4D2429EB8}.Release|x86.ActiveCfg = Release|Any CPU
		{CE3393C5-BB80-45F2-9D85-94A4D2429EB8}.Release|x86.Build.0 = Release|Any CPU
		{CE3393C5-BB80-45F2-9D85-94A4D2429EB8}.Release|x86.Deploy.0 = Release|Any CPU
	EndGlobalSection
	GlobalSection(SolutionProperties) = preSolution
		HideSolutionNode = FALSE
	EndGlobalSection
	GlobalSection(ExtensibilityGlobals) = postSolution
		SolutionGuid = {01E58262-C7E5-4F50-8B88-360E7BA66025}
	EndGlobalSection
EndGlobal
